
Microsoft Visual Studio Solution File, Format Version 12.00
# Visual Studio Version 16
VisualStudioVersion = 16.0.31624.102
MinimumVisualStudioVersion = 10.0.40219.1
Project("{8BC9CEB8-8B4A-11D0-8D11-00A0C91BC942}") = "var7", "var7\var7.vcxproj", "{B337650F-E7F9-4886-8518-42A619983088}"
EndProject
Project("{8BC9CEB8-8B4A-11D0-8D11-00A0C91BC942}") = "var7_1", "var7_1\var7_1.vcxproj", "{39F47BEF-4168-42C9-8318-1745436A3B75}"
EndProject
Global
	GlobalSection(SolutionConfigurationPlatforms) = preSolution
		Debug|x64 = Debug|x64
		Debug|x86 = Debug|x86
		Release|x64 = Release|x64
		Release|x86 = Release|x86
	EndGlobalSection
	GlobalSection(ProjectConfigurationPlatforms) = postSolution
		{B337650F-E7F9-4886-8518-42A619983088}.Debug|x64.ActiveCfg = Debug|x64
		{B337650F-E7F9-4886-8518-42A619983088}.Debug|x64.Build.0 = Debug|x64
		{B337650F-E7F9-4886-8518-42A619983088}.Debug|x86.ActiveCfg = Debug|Win32
		{B337650F-E7F9-4886-8518-42A619983088}.Debug|x86.Build.0 = Debug|Win32
		{B337650F-E7F9-4886-8518-42A619983088}.Release|x64.ActiveCfg = Release|x64
		{B337650F-E7F9-4886-8518-42A619983088}.Release|x64.Build.0 = Release|x64
		{B337650F-E7F9-4886-8518-42A619983088}.Release|x86.ActiveCfg = Release|Win32
		{B337650F-E7F9-4886-8518-42A619983088}.Release|x86.Build.0 = Release|Win32
		{39F47BEF-4168-42C9-8318-1745436A3B75}.Debug|x64.ActiveCfg = Debug|x64
		{39F47BEF-4168-42C9-8318-1745436A3B75}.Debug|x64.Build.0 = Debug|x64
		{39F47BEF-4168-42C9-8318-1745436A3B75}.Debug|x86.ActiveCfg = Debug|Win32
		{39F47BEF-4168-42C9-8318-1745436A3B75}.Debug|x86.Build.0 = Debug|Win32
		{39F47BEF-4168-42C9-8318-1745436A3B75}.Release|x64.ActiveCfg = Release|x64
		{39F47BEF-4168-42C9-8318-1745436A3B75}.Release|x64.Build.0 = Release|x64
		{39F47BEF-4168-42C9-8318-1745436A3B75}.Release|x86.ActiveCfg = Release|Win32
		{39F47BEF-4168-42C9-8318-1745436A3B75}.Release|x86.Build.0 = Release|Win32
	EndGlobalSection
	GlobalSection(SolutionProperties) = preSolution
		HideSolutionNode = FALSE
	EndGlobalSection
	GlobalSection(ExtensibilityGlobals) = postSolution
		SolutionGuid = {BE9B47E3-B087-4B01-8266-8847B79C67D6}
	EndGlobalSection
EndGlobal
