
Microsoft Visual Studio Solution File, Format Version 12.00
# Visual Studio Version 16
VisualStudioVersion = 16.0.31624.102
MinimumVisualStudioVersion = 10.0.40219.1
Project("{8BC9CEB8-8B4A-11D0-8D11-00A0C91BC942}") = "var12", "var12\var12.vcxproj", "{D8F0215D-70EC-4808-9C2E-C515CF18A45E}"
EndProject
Project("{8BC9CEB8-8B4A-11D0-8D11-00A0C91BC942}") = "var12_1", "var12_1\var12_1.vcxproj", "{EFDC7881-ABAD-41DE-889A-CDB996681817}"
EndProject
Global
	GlobalSection(SolutionConfigurationPlatforms) = preSolution
		Debug|x64 = Debug|x64
		Debug|x86 = Debug|x86
		Release|x64 = Release|x64
		Release|x86 = Release|x86
	EndGlobalSection
	GlobalSection(ProjectConfigurationPlatforms) = postSolution
		{D8F0215D-70EC-4808-9C2E-C515CF18A45E}.Debug|x64.ActiveCfg = Debug|x64
		{D8F0215D-70EC-4808-9C2E-C515CF18A45E}.Debug|x64.Build.0 = Debug|x64
		{D8F0215D-70EC-4808-9C2E-C515CF18A45E}.Debug|x86.ActiveCfg = Debug|Win32
		{D8F0215D-70EC-4808-9C2E-C515CF18A45E}.Debug|x86.Build.0 = Debug|Win32
		{D8F0215D-70EC-4808-9C2E-C515CF18A45E}.Release|x64.ActiveCfg = Release|x64
		{D8F0215D-70EC-4808-9C2E-C515CF18A45E}.Release|x64.Build.0 = Release|x64
		{D8F0215D-70EC-4808-9C2E-C515CF18A45E}.Release|x86.ActiveCfg = Release|Win32
		{D8F0215D-70EC-4808-9C2E-C515CF18A45E}.Release|x86.Build.0 = Release|Win32
		{EFDC7881-ABAD-41DE-889A-CDB996681817}.Debug|x64.ActiveCfg = Debug|x64
		{EFDC7881-ABAD-41DE-889A-CDB996681817}.Debug|x64.Build.0 = Debug|x64
		{EFDC7881-ABAD-41DE-889A-CDB996681817}.Debug|x86.ActiveCfg = Debug|Win32
		{EFDC7881-ABAD-41DE-889A-CDB996681817}.Debug|x86.Build.0 = Debug|Win32
		{EFDC7881-ABAD-41DE-889A-CDB996681817}.Release|x64.ActiveCfg = Release|x64
		{EFDC7881-ABAD-41DE-889A-CDB996681817}.Release|x64.Build.0 = Release|x64
		{EFDC7881-ABAD-41DE-889A-CDB996681817}.Release|x86.ActiveCfg = Release|Win32
		{EFDC7881-ABAD-41DE-889A-CDB996681817}.Release|x86.Build.0 = Release|Win32
	EndGlobalSection
	GlobalSection(SolutionProperties) = preSolution
		HideSolutionNode = FALSE
	EndGlobalSection
	GlobalSection(ExtensibilityGlobals) = postSolution
		SolutionGuid = {FB34DAC6-746A-4816-B8D1-C700880100EE}
	EndGlobalSection
EndGlobal
