
Microsoft Visual Studio Solution File, Format Version 12.00
# Visual Studio Version 16
VisualStudioVersion = 16.0.31624.102
MinimumVisualStudioVersion = 10.0.40219.1
Project("{8BC9CEB8-8B4A-11D0-8D11-00A0C91BC942}") = "osnova_lab16", "osnova_lab16\osnova_lab16.vcxproj", "{F583BE80-0C25-4326-B094-DF04EA85BCE1}"
EndProject
Project("{8BC9CEB8-8B4A-11D0-8D11-00A0C91BC942}") = "dop1_16", "dop1_16\dop1_16.vcxproj", "{FC53F1CF-7ABC-40BD-ABB5-FBB4CDCFFAA9}"
EndProject
Project("{8BC9CEB8-8B4A-11D0-8D11-00A0C91BC942}") = "dop2_16", "dop2_16\dop2_16.vcxproj", "{5DADC259-0DCA-4C58-B826-FE57DDAB80C1}"
EndProject
Project("{8BC9CEB8-8B4A-11D0-8D11-00A0C91BC942}") = "dop3_16", "dop3_16\dop3_16.vcxproj", "{F7464B33-9B33-4946-B192-7E878C1D4F68}"
EndProject
Global
	GlobalSection(SolutionConfigurationPlatforms) = preSolution
		Debug|x64 = Debug|x64
		Debug|x86 = Debug|x86
		Release|x64 = Release|x64
		Release|x86 = Release|x86
	EndGlobalSection
	GlobalSection(ProjectConfigurationPlatforms) = postSolution
		{F583BE80-0C25-4326-B094-DF04EA85BCE1}.Debug|x64.ActiveCfg = Debug|x64
		{F583BE80-0C25-4326-B094-DF04EA85BCE1}.Debug|x64.Build.0 = Debug|x64
		{F583BE80-0C25-4326-B094-DF04EA85BCE1}.Debug|x86.ActiveCfg = Debug|Win32
		{F583BE80-0C25-4326-B094-DF04EA85BCE1}.Debug|x86.Build.0 = Debug|Win32
		{F583BE80-0C25-4326-B094-DF04EA85BCE1}.Release|x64.ActiveCfg = Release|x64
		{F583BE80-0C25-4326-B094-DF04EA85BCE1}.Release|x64.Build.0 = Release|x64
		{F583BE80-0C25-4326-B094-DF04EA85BCE1}.Release|x86.ActiveCfg = Release|Win32
		{F583BE80-0C25-4326-B094-DF04EA85BCE1}.Release|x86.Build.0 = Release|Win32
		{FC53F1CF-7ABC-40BD-ABB5-FBB4CDCFFAA9}.Debug|x64.ActiveCfg = Debug|x64
		{FC53F1CF-7ABC-40BD-ABB5-FBB4CDCFFAA9}.Debug|x64.Build.0 = Debug|x64
		{FC53F1CF-7ABC-40BD-ABB5-FBB4CDCFFAA9}.Debug|x86.ActiveCfg = Debug|Win32
		{FC53F1CF-7ABC-40BD-ABB5-FBB4CDCFFAA9}.Debug|x86.Build.0 = Debug|Win32
		{FC53F1CF-7ABC-40BD-ABB5-FBB4CDCFFAA9}.Release|x64.ActiveCfg = Release|x64
		{FC53F1CF-7ABC-40BD-ABB5-FBB4CDCFFAA9}.Release|x64.Build.0 = Release|x64
		{FC53F1CF-7ABC-40BD-ABB5-FBB4CDCFFAA9}.Release|x86.ActiveCfg = Release|Win32
		{FC53F1CF-7ABC-40BD-ABB5-FBB4CDCFFAA9}.Release|x86.Build.0 = Release|Win32
		{5DADC259-0DCA-4C58-B826-FE57DDAB80C1}.Debug|x64.ActiveCfg = Debug|x64
		{5DADC259-0DCA-4C58-B826-FE57DDAB80C1}.Debug|x64.Build.0 = Debug|x64
		{5DADC259-0DCA-4C58-B826-FE57DDAB80C1}.Debug|x86.ActiveCfg = Debug|Win32
		{5DADC259-0DCA-4C58-B826-FE57DDAB80C1}.Debug|x86.Build.0 = Debug|Win32
		{5DADC259-0DCA-4C58-B826-FE57DDAB80C1}.Release|x64.ActiveCfg = Release|x64
		{5DADC259-0DCA-4C58-B826-FE57DDAB80C1}.Release|x64.Build.0 = Release|x64
		{5DADC259-0DCA-4C58-B826-FE57DDAB80C1}.Release|x86.ActiveCfg = Release|Win32
		{5DADC259-0DCA-4C58-B826-FE57DDAB80C1}.Release|x86.Build.0 = Release|Win32
		{F7464B33-9B33-4946-B192-7E878C1D4F68}.Debug|x64.ActiveCfg = Debug|x64
		{F7464B33-9B33-4946-B192-7E878C1D4F68}.Debug|x64.Build.0 = Debug|x64
		{F7464B33-9B33-4946-B192-7E878C1D4F68}.Debug|x86.ActiveCfg = Debug|Win32
		{F7464B33-9B33-4946-B192-7E878C1D4F68}.Debug|x86.Build.0 = Debug|Win32
		{F7464B33-9B33-4946-B192-7E878C1D4F68}.Release|x64.ActiveCfg = Release|x64
		{F7464B33-9B33-4946-B192-7E878C1D4F68}.Release|x64.Build.0 = Release|x64
		{F7464B33-9B33-4946-B192-7E878C1D4F68}.Release|x86.ActiveCfg = Release|Win32
		{F7464B33-9B33-4946-B192-7E878C1D4F68}.Release|x86.Build.0 = Release|Win32
	EndGlobalSection
	GlobalSection(SolutionProperties) = preSolution
		HideSolutionNode = FALSE
	EndGlobalSection
	GlobalSection(ExtensibilityGlobals) = postSolution
		SolutionGuid = {2D87CCAE-9BAC-4ADF-A808-A93B959914D9}
	EndGlobalSection
EndGlobal
